// !$*UTF8*$!
{
	archiveVersion = 1;
	classes = {
	};
	objectVersion = 48;
	objects = {

/* Begin PBXBuildFile section */
		2B67B7EB1FA447030054CFDB /* AppDelegate.swift in Sources */ = {isa = PBXBuildFile; fileRef = 2B67B7EA1FA447030054CFDB /* AppDelegate.swift */; };
		2B67B7ED1FA447030054CFDB /* ViewController.swift in Sources */ = {isa = PBXBuildFile; fileRef = 2B67B7EC1FA447030054CFDB /* ViewController.swift */; };
		2B67B7F01FA447030054CFDB /* Main.storyboard in Resources */ = {isa = PBXBuildFile; fileRef = 2B67B7EE1FA447030054CFDB /* Main.storyboard */; };
		2B67B7F21FA447030054CFDB /* Assets.xcassets in Resources */ = {isa = PBXBuildFile; fileRef = 2B67B7F11FA447030054CFDB /* Assets.xcassets */; };
		2B67B7F51FA447030054CFDB /* LaunchScreen.storyboard in Resources */ = {isa = PBXBuildFile; fileRef = 2B67B7F31FA447030054CFDB /* LaunchScreen.storyboard */; };
		2B67B8001FA447030054CFDB /* Branch_LocatorTests.swift in Sources */ = {isa = PBXBuildFile; fileRef = 2B67B7FF1FA447030054CFDB /* Branch_LocatorTests.swift */; };
		2B67B80B1FA447030054CFDB /* Branch_LocatorUITests.swift in Sources */ = {isa = PBXBuildFile; fileRef = 2B67B80A1FA447030054CFDB /* Branch_LocatorUITests.swift */; };
/* End PBXBuildFile section */

/* Begin PBXContainerItemProxy section */
		2B67B7FC1FA447030054CFDB /* PBXContainerItemProxy */ = {
			isa = PBXContainerItemProxy;
			containerPortal = 2B67B7DF1FA447030054CFDB /* Project object */;
			proxyType = 1;
			remoteGlobalIDString = 2B67B7E61FA447030054CFDB;
			remoteInfo = "Branch Locator";
		};
		2B67B8071FA447030054CFDB /* PBXContainerItemProxy */ = {
			isa = PBXContainerItemProxy;
			containerPortal = 2B67B7DF1FA447030054CFDB /* Project object */;
			proxyType = 1;
			remoteGlobalIDString = 2B67B7E61FA447030054CFDB;
			remoteInfo = "Branch Locator";
		};
/* End PBXContainerItemProxy section */

/* Begin PBXFileReference section */
		2B67B7E71FA447030054CFDB /* Branch Locator.app */ = {isa = PBXFileReference; explicitFileType = wrapper.application; includeInIndex = 0; path = "Branch Locator.app"; sourceTree = BUILT_PRODUCTS_DIR; };
		2B67B7EA1FA447030054CFDB /* AppDelegate.swift */ = {isa = PBXFileReference; lastKnownFileType = sourcecode.swift; path = AppDelegate.swift; sourceTree = "<group>"; };
		2B67B7EC1FA447030054CFDB /* ViewController.swift */ = {isa = PBXFileReference; lastKnownFileType = sourcecode.swift; path = ViewController.swift; sourceTree = "<group>"; };
		2B67B7EF1FA447030054CFDB /* Base */ = {isa = PBXFileReference; lastKnownFileType = file.storyboard; name = Base; path = Base.lproj/Main.storyboard; sourceTree = "<group>"; };
		2B67B7F11FA447030054CFDB /* Assets.xcassets */ = {isa = PBXFileReference; lastKnownFileType = folder.assetcatalog; path = Assets.xcassets; sourceTree = "<group>"; };
		2B67B7F41FA447030054CFDB /* Base */ = {isa = PBXFileReference; lastKnownFileType = file.storyboard; name = Base; path = Base.lproj/LaunchScreen.storyboard; sourceTree = "<group>"; };
		2B67B7F61FA447030054CFDB /* Info.plist */ = {isa = PBXFileReference; lastKnownFileType = text.plist.xml; path = Info.plist; sourceTree = "<group>"; };
		2B67B7FB1FA447030054CFDB /* Branch LocatorTests.xctest */ = {isa = PBXFileReference; explicitFileType = wrapper.cfbundle; includeInIndex = 0; path = "Branch LocatorTests.xctest"; sourceTree = BUILT_PRODUCTS_DIR; };
		2B67B7FF1FA447030054CFDB /* Branch_LocatorTests.swift */ = {isa = PBXFileReference; lastKnownFileType = sourcecode.swift; path = Branch_LocatorTests.swift; sourceTree = "<group>"; };
		2B67B8011FA447030054CFDB /* Info.plist */ = {isa = PBXFileReference; lastKnownFileType = text.plist.xml; path = Info.plist; sourceTree = "<group>"; };
		2B67B8061FA447030054CFDB /* Branch LocatorUITests.xctest */ = {isa = PBXFileReference; explicitFileType = wrapper.cfbundle; includeInIndex = 0; path = "Branch LocatorUITests.xctest"; sourceTree = BUILT_PRODUCTS_DIR; };
		2B67B80A1FA447030054CFDB /* Branch_LocatorUITests.swift */ = {isa = PBXFileReference; lastKnownFileType = sourcecode.swift; path = Branch_LocatorUITests.swift; sourceTree = "<group>"; };
		2B67B80C1FA447030054CFDB /* Info.plist */ = {isa = PBXFileReference; lastKnownFileType = text.plist.xml; path = Info.plist; sourceTree = "<group>"; };
/* End PBXFileReference section */

/* Begin PBXFrameworksBuildPhase section */
		2B67B7E41FA447030054CFDB /* Frameworks */ = {
			isa = PBXFrameworksBuildPhase;
			buildActionMask = 2147483647;
			files = (
			);
			runOnlyForDeploymentPostprocessing = 0;
		};
		2B67B7F81FA447030054CFDB /* Frameworks */ = {
			isa = PBXFrameworksBuildPhase;
			buildActionMask = 2147483647;
			files = (
			);
			runOnlyForDeploymentPostprocessing = 0;
		};
		2B67B8031FA447030054CFDB /* Frameworks */ = {
			isa = PBXFrameworksBuildPhase;
			buildActionMask = 2147483647;
			files = (
			);
			runOnlyForDeploymentPostprocessing = 0;
		};
/* End PBXFrameworksBuildPhase section */

/* Begin PBXGroup section */
		2B67B7DE1FA447030054CFDB = {
			isa = PBXGroup;
			children = (
				2B67B7E91FA447030054CFDB /* Branch Locator */,
				2B67B7FE1FA447030054CFDB /* Branch LocatorTests */,
				2B67B8091FA447030054CFDB /* Branch LocatorUITests */,
				2B67B7E81FA447030054CFDB /* Products */,
			);
			sourceTree = "<group>";
		};
		2B67B7E81FA447030054CFDB /* Products */ = {
			isa = PBXGroup;
			children = (
				2B67B7E71FA447030054CFDB /* Branch Locator.app */,
				2B67B7FB1FA447030054CFDB /* Branch LocatorTests.xctest */,
				2B67B8061FA447030054CFDB /* Branch LocatorUITests.xctest */,
			);
			name = Products;
			sourceTree = "<group>";
		};
		2B67B7E91FA447030054CFDB /* Branch Locator */ = {
			isa = PBXGroup;
			children = (
				2B67B7EA1FA447030054CFDB /* AppDelegate.swift */,
				2B67B7EC1FA447030054CFDB /* ViewController.swift */,
				2B67B7EE1FA447030054CFDB /* Main.storyboard */,
				2B67B7F11FA447030054CFDB /* Assets.xcassets */,
				2B67B7F31FA447030054CFDB /* LaunchScreen.storyboard */,
				2B67B7F61FA447030054CFDB /* Info.plist */,
			);
			path = "Branch Locator";
			sourceTree = "<group>";
		};
		2B67B7FE1FA447030054CFDB /* Branch LocatorTests */ = {
			isa = PBXGroup;
			children = (
				2B67B7FF1FA447030054CFDB /* Branch_LocatorTests.swift */,
				2B67B8011FA447030054CFDB /* Info.plist */,
			);
			path = "Branch LocatorTests";
			sourceTree = "<group>";
		};
		2B67B8091FA447030054CFDB /* Branch LocatorUITests */ = {
			isa = PBXGroup;
			children = (
				2B67B80A1FA447030054CFDB /* Branch_LocatorUITests.swift */,
				2B67B80C1FA447030054CFDB /* Info.plist */,
			);
			path = "Branch LocatorUITests";
			sourceTree = "<group>";
		};
/* End PBXGroup section */

/* Begin PBXNativeTarget section */
		2B67B7E61FA447030054CFDB /* Branch Locator */ = {
			isa = PBXNativeTarget;
			buildConfigurationList = 2B67B80F1FA447030054CFDB /* Build configuration list for PBXNativeTarget "Branch Locator" */;
			buildPhases = (
				2B67B7E31FA447030054CFDB /* Sources */,
				2B67B7E41FA447030054CFDB /* Frameworks */,
				2B67B7E51FA447030054CFDB /* Resources */,
			);
			buildRules = (
			);
			dependencies = (
			);
			name = "Branch Locator";
			productName = "Branch Locator";
			productReference = 2B67B7E71FA447030054CFDB /* Branch Locator.app */;
			productType = "com.apple.product-type.application";
		};
		2B67B7FA1FA447030054CFDB /* Branch LocatorTests */ = {
			isa = PBXNativeTarget;
			buildConfigurationList = 2B67B8121FA447030054CFDB /* Build configuration list for PBXNativeTarget "Branch LocatorTests" */;
			buildPhases = (
				2B67B7F71FA447030054CFDB /* Sources */,
				2B67B7F81FA447030054CFDB /* Frameworks */,
				2B67B7F91FA447030054CFDB /* Resources */,
			);
			buildRules = (
			);
			dependencies = (
				2B67B7FD1FA447030054CFDB /* PBXTargetDependency */,
			);
			name = "Branch LocatorTests";
			productName = "Branch LocatorTests";
			productReference = 2B67B7FB1FA447030054CFDB /* Branch LocatorTests.xctest */;
			productType = "com.apple.product-type.bundle.unit-test";
		};
		2B67B8051FA447030054CFDB /* Branch LocatorUITests */ = {
			isa = PBXNativeTarget;
			buildConfigurationList = 2B67B8151FA447030054CFDB /* Build configuration list for PBXNativeTarget "Branch LocatorUITests" */;
			buildPhases = (
				2B67B8021FA447030054CFDB /* Sources */,
				2B67B8031FA447030054CFDB /* Frameworks */,
				2B67B8041FA447030054CFDB /* Resources */,
			);
			buildRules = (
			);
			dependencies = (
				2B67B8081FA447030054CFDB /* PBXTargetDependency */,
			);
			name = "Branch LocatorUITests";
			productName = "Branch LocatorUITests";
			productReference = 2B67B8061FA447030054CFDB /* Branch LocatorUITests.xctest */;
			productType = "com.apple.product-type.bundle.ui-testing";
		};
/* End PBXNativeTarget section */

/* Begin PBXProject section */
		2B67B7DF1FA447030054CFDB /* Project object */ = {
			isa = PBXProject;
			attributes = {
				LastSwiftUpdateCheck = 0900;
				LastUpgradeCheck = 0900;
				ORGANIZATIONNAME = "Vinay Shivanna";
				TargetAttributes = {
					2B67B7E61FA447030054CFDB = {
						CreatedOnToolsVersion = 9.0;
						ProvisioningStyle = Automatic;
					};
					2B67B7FA1FA447030054CFDB = {
						CreatedOnToolsVersion = 9.0;
						ProvisioningStyle = Automatic;
						TestTargetID = 2B67B7E61FA447030054CFDB;
					};
					2B67B8051FA447030054CFDB = {
						CreatedOnToolsVersion = 9.0;
						ProvisioningStyle = Automatic;
						TestTargetID = 2B67B7E61FA447030054CFDB;
					};
				};
			};
			buildConfigurationList = 2B67B7E21FA447030054CFDB /* Build configuration list for PBXProject "Branch Locator" */;
			compatibilityVersion = "Xcode 8.0";
			developmentRegion = en;
			hasScannedForEncodings = 0;
			knownRegions = (
				en,
				Base,
			);
			mainGroup = 2B67B7DE1FA447030054CFDB;
			productRefGroup = 2B67B7E81FA447030054CFDB /* Products */;
			projectDirPath = "";
			projectRoot = "";
			targets = (
				2B67B7E61FA447030054CFDB /* Branch Locator */,
				2B67B7FA1FA447030054CFDB /* Branch LocatorTests */,
				2B67B8051FA447030054CFDB /* Branch LocatorUITests */,
			);
		};
/* End PBXProject section */

/* Begin PBXResourcesBuildPhase section */
		2B67B7E51FA447030054CFDB /* Resources */ = {
			isa = PBXResourcesBuildPhase;
			buildActionMask = 2147483647;
			files = (
				2B67B7F51FA447030054CFDB /* LaunchScreen.storyboard in Resources */,
				2B67B7F21FA447030054CFDB /* Assets.xcassets in Resources */,
				2B67B7F01FA447030054CFDB /* Main.storyboard in Resources */,
			);
			runOnlyForDeploymentPostprocessing = 0;
		};
		2B67B7F91FA447030054CFDB /* Resources */ = {
			isa = PBXResourcesBuildPhase;
			buildActionMask = 2147483647;
			files = (
			);
			runOnlyForDeploymentPostprocessing = 0;
		};
		2B67B8041FA447030054CFDB /* Resources */ = {
			isa = PBXResourcesBuildPhase;
			buildActionMask = 2147483647;
			files = (
			);
			runOnlyForDeploymentPostprocessing = 0;
		};
/* End PBXResourcesBuildPhase section */

/* Begin PBXSourcesBuildPhase section */
		2B67B7E31FA447030054CFDB /* Sources */ = {
			isa = PBXSourcesBuildPhase;
			buildActionMask = 2147483647;
			files = (
				2B67B7ED1FA447030054CFDB /* ViewController.swift in Sources */,
				2B67B7EB1FA447030054CFDB /* AppDelegate.swift in Sources */,
			);
			runOnlyForDeploymentPostprocessing = 0;
		};
		2B67B7F71FA447030054CFDB /* Sources */ = {
			isa = PBXSourcesBuildPhase;
			buildActionMask = 2147483647;
			files = (
				2B67B8001FA447030054CFDB /* Branch_LocatorTests.swift in Sources */,
			);
			runOnlyForDeploymentPostprocessing = 0;
		};
		2B67B8021FA447030054CFDB /* Sources */ = {
			isa = PBXSourcesBuildPhase;
			buildActionMask = 2147483647;
			files = (
				2B67B80B1FA447030054CFDB /* Branch_LocatorUITests.swift in Sources */,
			);
			runOnlyForDeploymentPostprocessing = 0;
		};
/* End PBXSourcesBuildPhase section */

/* Begin PBXTargetDependency section */
		2B67B7FD1FA447030054CFDB /* PBXTargetDependency */ = {
			isa = PBXTargetDependency;
			target = 2B67B7E61FA447030054CFDB /* Branch Locator */;
			targetProxy = 2B67B7FC1FA447030054CFDB /* PBXContainerItemProxy */;
		};
		2B67B8081FA447030054CFDB /* PBXTargetDependency */ = {
			isa = PBXTargetDependency;
			target = 2B67B7E61FA447030054CFDB /* Branch Locator */;
			targetProxy = 2B67B8071FA447030054CFDB /* PBXContainerItemProxy */;
		};
/* End PBXTargetDependency section */

/* Begin PBXVariantGroup section */
		2B67B7EE1FA447030054CFDB /* Main.storyboard */ = {
			isa = PBXVariantGroup;
			children = (
				2B67B7EF1FA447030054CFDB /* Base */,
			);
			name = Main.storyboard;
			sourceTree = "<group>";
		};
		2B67B7F31FA447030054CFDB /* LaunchScreen.storyboard */ = {
			isa = PBXVariantGroup;
			children = (
				2B67B7F41FA447030054CFDB /* Base */,
			);
			name = LaunchScreen.storyboard;
			sourceTree = "<group>";
		};
/* End PBXVariantGroup section */

/* Begin XCBuildConfiguration section */
		2B67B80D1FA447030054CFDB /* Debug */ = {
			isa = XCBuildConfiguration;
			buildSettings = {
				ALWAYS_SEARCH_USER_PATHS = NO;
				CLANG_ANALYZER_NONNULL = YES;
				CLANG_ANALYZER_NUMBER_OBJECT_CONVERSION = YES_AGGRESSIVE;
				CLANG_CXX_LANGUAGE_STANDARD = "gnu++14";
				CLANG_CXX_LIBRARY = "libc++";
				CLANG_ENABLE_MODULES = YES;
				CLANG_ENABLE_OBJC_ARC = YES;
				CLANG_WARN_BLOCK_CAPTURE_AUTORELEASING = YES;
				CLANG_WARN_BOOL_CONVERSION = YES;
				CLANG_WARN_COMMA = YES;
				CLANG_WARN_CONSTANT_CONVERSION = YES;
				CLANG_WARN_DIRECT_OBJC_ISA_USAGE = YES_ERROR;
				CLANG_WARN_DOCUMENTATION_COMMENTS = YES;
				CLANG_WARN_EMPTY_BODY = YES;
				CLANG_WARN_ENUM_CONVERSION = YES;
				CLANG_WARN_INFINITE_RECURSION = YES;
				CLANG_WARN_INT_CONVERSION = YES;
				CLANG_WARN_NON_LITERAL_NULL_CONVERSION = YES;
				CLANG_WARN_OBJC_LITERAL_CONVERSION = YES;
				CLANG_WARN_OBJC_ROOT_CLASS = YES_ERROR;
				CLANG_WARN_RANGE_LOOP_ANALYSIS = YES;
				CLANG_WARN_STRICT_PROTOTYPES = YES;
				CLANG_WARN_SUSPICIOUS_MOVE = YES;
				CLANG_WARN_UNGUARDED_AVAILABILITY = YES_AGGRESSIVE;
				CLANG_WARN_UNREACHABLE_CODE = YES;
				CLANG_WARN__DUPLICATE_METHOD_MATCH = YES;
				CODE_SIGN_IDENTITY = "iPhone Developer";
				COPY_PHASE_STRIP = NO;
				DEBUG_INFORMATION_FORMAT = dwarf;
				ENABLE_STRICT_OBJC_MSGSEND = YES;
				ENABLE_TESTABILITY = YES;
				GCC_C_LANGUAGE_STANDARD = gnu11;
				GCC_DYNAMIC_NO_PIC = NO;
				GCC_NO_COMMON_BLOCKS = YES;
				GCC_OPTIMIZATION_LEVEL = 0;
				GCC_PREPROCESSOR_DEFINITIONS = (
					"DEBUG=1",
					"$(inherited)",
				);
				GCC_WARN_64_TO_32_BIT_CONVERSION = YES;
				GCC_WARN_ABOUT_RETURN_TYPE = YES_ERROR;
				GCC_WARN_UNDECLARED_SELECTOR = YES;
				GCC_WARN_UNINITIALIZED_AUTOS = YES_AGGRESSIVE;
				GCC_WARN_UNUSED_FUNCTION = YES;
				GCC_WARN_UNUSED_VARIABLE = YES;
				IPHONEOS_DEPLOYMENT_TARGET = 11.0;
				MTL_ENABLE_DEBUG_INFO = YES;
				ONLY_ACTIVE_ARCH = YES;
				SDKROOT = iphoneos;
				SWIFT_ACTIVE_COMPILATION_CONDITIONS = DEBUG;
				SWIFT_OPTIMIZATION_LEVEL = "-Onone";
			};
			name = Debug;
		};
		2B67B80E1FA447030054CFDB /* Release */ = {
			isa = XCBuildConfiguration;
			buildSettings = {
				ALWAYS_SEARCH_USER_PATHS = NO;
				CLANG_ANALYZER_NONNULL = YES;
				CLANG_ANALYZER_NUMBER_OBJECT_CONVERSION = YES_AGGRESSIVE;
				CLANG_CXX_LANGUAGE_STANDARD = "gnu++14";
				CLANG_CXX_LIBRARY = "libc++";
				CLANG_ENABLE_MODULES = YES;
				CLANG_ENABLE_OBJC_ARC = YES;
				CLANG_WARN_BLOCK_CAPTURE_AUTORELEASING = YES;
				CLANG_WARN_BOOL_CONVERSION = YES;
				CLANG_WARN_COMMA = YES;
				CLANG_WARN_CONSTANT_CONVERSION = YES;
				CLANG_WARN_DIRECT_OBJC_ISA_USAGE = YES_ERROR;
				CLANG_WARN_DOCUMENTATION_COMMENTS = YES;
				CLANG_WARN_EMPTY_BODY = YES;
				CLANG_WARN_ENUM_CONVERSION = YES;
				CLANG_WARN_INFINITE_RECURSION = YES;
				CLANG_WARN_INT_CONVERSION = YES;
				CLANG_WARN_NON_LITERAL_NULL_CONVERSION = YES;
				CLANG_WARN_OBJC_LITERAL_CONVERSION = YES;
				CLANG_WARN_OBJC_ROOT_CLASS = YES_ERROR;
				CLANG_WARN_RANGE_LOOP_ANALYSIS = YES;
				CLANG_WARN_STRICT_PROTOTYPES = YES;
				CLANG_WARN_SUSPICIOUS_MOVE = YES;
				CLANG_WARN_UNGUARDED_AVAILABILITY = YES_AGGRESSIVE;
				CLANG_WARN_UNREACHABLE_CODE = YES;
				CLANG_WARN__DUPLICATE_METHOD_MATCH = YES;
				CODE_SIGN_IDENTITY = "iPhone Developer";
				COPY_PHASE_STRIP = NO;
				DEBUG_INFORMATION_FORMAT = "dwarf-with-dsym";
				ENABLE_NS_ASSERTIONS = NO;
				ENABLE_STRICT_OBJC_MSGSEND = YES;
				GCC_C_LANGUAGE_STANDARD = gnu11;
				GCC_NO_COMMON_BLOCKS = YES;
				GCC_WARN_64_TO_32_BIT_CONVERSION = YES;
				GCC_WARN_ABOUT_RETURN_TYPE = YES_ERROR;
				GCC_WARN_UNDECLARED_SELECTOR = YES;
				GCC_WARN_UNINITIALIZED_AUTOS = YES_AGGRESSIVE;
				GCC_WARN_UNUSED_FUNCTION = YES;
				GCC_WARN_UNUSED_VARIABLE = YES;
				IPHONEOS_DEPLOYMENT_TARGET = 11.0;
				MTL_ENABLE_DEBUG_INFO = NO;
				SDKROOT = iphoneos;
				SWIFT_OPTIMIZATION_LEVEL = "-Owholemodule";
				VALIDATE_PRODUCT = YES;
			};
			name = Release;
		};
		2B67B8101FA447030054CFDB /* Debug */ = {
			isa = XCBuildConfiguration;
			buildSettings = {
				ASSETCATALOG_COMPILER_APPICON_NAME = AppIcon;
				CODE_SIGN_STYLE = Automatic;
				INFOPLIST_FILE = "Branch Locator/Info.plist";
				LD_RUNPATH_SEARCH_PATHS = "$(inherited) @executable_path/Frameworks";
				PRODUCT_BUNDLE_IDENTIFIER = "com.sentara..Branch-Locator";
				PRODUCT_NAME = "$(TARGET_NAME)";
				SWIFT_VERSION = 4.0;
				TARGETED_DEVICE_FAMILY = "1,2";
			};
			name = Debug;
		};
		2B67B8111FA447030054CFDB /* Release */ = {
			isa = XCBuildConfiguration;
			buildSettings = {
				ASSETCATALOG_COMPILER_APPICON_NAME = AppIcon;
				CODE_SIGN_STYLE = Automatic;
				INFOPLIST_FILE = "Branch Locator/Info.plist";
				LD_RUNPATH_SEARCH_PATHS = "$(inherited) @executable_path/Frameworks";
				PRODUCT_BUNDLE_IDENTIFIER = "com.sentara..Branch-Locator";
				PRODUCT_NAME = "$(TARGET_NAME)";
				SWIFT_VERSION = 4.0;
				TARGETED_DEVICE_FAMILY = "1,2";
			};
			name = Release;
		};
		2B67B8131FA447030054CFDB /* Debug */ = {
			isa = XCBuildConfiguration;
			buildSettings = {
				ALWAYS_EMBED_SWIFT_STANDARD_LIBRARIES = YES;
				BUNDLE_LOADER = "$(TEST_HOST)";
				CODE_SIGN_STYLE = Automatic;
				INFOPLIST_FILE = "Branch LocatorTests/Info.plist";
				LD_RUNPATH_SEARCH_PATHS = "$(inherited) @executable_path/Frameworks @loader_path/Frameworks";
				PRODUCT_BUNDLE_IDENTIFIER = "com.sentara..Branch-LocatorTests";
				PRODUCT_NAME = "$(TARGET_NAME)";
				SWIFT_VERSION = 4.0;
				TARGETED_DEVICE_FAMILY = "1,2";
				TEST_HOST = "$(BUILT_PRODUCTS_DIR)/Branch Locator.app/Branch Locator";
			};
			name = Debug;
		};
		2B67B8141FA447030054CFDB /* Release */ = {
			isa = XCBuildConfiguration;
			buildSettings = {
				ALWAYS_EMBED_SWIFT_STANDARD_LIBRARIES = YES;
				BUNDLE_LOADER = "$(TEST_HOST)";
				CODE_SIGN_STYLE = Automatic;
				INFOPLIST_FILE = "Branch LocatorTests/Info.plist";
				LD_RUNPATH_SEARCH_PATHS = "$(inherited) @executable_path/Frameworks @loader_path/Frameworks";
				PRODUCT_BUNDLE_IDENTIFIER = "com.sentara..Branch-LocatorTests";
				PRODUCT_NAME = "$(TARGET_NAME)";
				SWIFT_VERSION = 4.0;
				TARGETED_DEVICE_FAMILY = "1,2";
				TEST_HOST = "$(BUILT_PRODUCTS_DIR)/Branch Locator.app/Branch Locator";
			};
			name = Release;
		};
		2B67B8161FA447030054CFDB /* Debug */ = {
			isa = XCBuildConfiguration;
			buildSettings = {
				ALWAYS_EMBED_SWIFT_STANDARD_LIBRARIES = YES;
				CODE_SIGN_STYLE = Automatic;
				INFOPLIST_FILE = "Branch LocatorUITests/Info.plist";
				LD_RUNPATH_SEARCH_PATHS = "$(inherited) @executable_path/Frameworks @loader_path/Frameworks";
				PRODUCT_BUNDLE_IDENTIFIER = "com.sentara..Branch-LocatorUITests";
				PRODUCT_NAME = "$(TARGET_NAME)";
				SWIFT_VERSION = 4.0;
				TARGETED_DEVICE_FAMILY = "1,2";
				TEST_TARGET_NAME = "Branch Locator";
			};
			name = Debug;
		};
		2B67B8171FA447030054CFDB /* Release */ = {
			isa = XCBuildConfiguration;
			buildSettings = {
				ALWAYS_EMBED_SWIFT_STANDARD_LIBRARIES = YES;
				CODE_SIGN_STYLE = Automatic;
				INFOPLIST_FILE = "Branch LocatorUITests/Info.plist";
				LD_RUNPATH_SEARCH_PATHS = "$(inherited) @executable_path/Frameworks @loader_path/Frameworks";
				PRODUCT_BUNDLE_IDENTIFIER = "com.sentara..Branch-LocatorUITests";
				PRODUCT_NAME = "$(TARGET_NAME)";
				SWIFT_VERSION = 4.0;
				TARGETED_DEVICE_FAMILY = "1,2";
				TEST_TARGET_NAME = "Branch Locator";
			};
			name = Release;
		};
/* End XCBuildConfiguration section */

/* Begin XCConfigurationList section */
		2B67B7E21FA447030054CFDB /* Build configuration list for PBXProject "Branch Locator" */ = {
			isa = XCConfigurationList;
			buildConfigurations = (
				2B67B80D1FA447030054CFDB /* Debug */,
				2B67B80E1FA447030054CFDB /* Release */,
			);
			defaultConfigurationIsVisible = 0;
			defaultConfigurationName = Release;
		};
		2B67B80F1FA447030054CFDB /* Build configuration list for PBXNativeTarget "Branch Locator" */ = {
			isa = XCConfigurationList;
			buildConfigurations = (
				2B67B8101FA447030054CFDB /* Debug */,
				2B67B8111FA447030054CFDB /* Release */,
			);
			defaultConfigurationIsVisible = 0;
			defaultConfigurationName = Release;
		};
		2B67B8121FA447030054CFDB /* Build configuration list for PBXNativeTarget "Branch LocatorTests" */ = {
			isa = XCConfigurationList;
			buildConfigurations = (
				2B67B8131FA447030054CFDB /* Debug */,
				2B67B8141FA447030054CFDB /* Release */,
			);
			defaultConfigurationIsVisible = 0;
			defaultConfigurationName = Release;
		};
		2B67B8151FA447030054CFDB /* Build configuration list for PBXNativeTarget "Branch LocatorUITests" */ = {
			isa = XCConfigurationList;
			buildConfigurations = (
				2B67B8161FA447030054CFDB /* Debug */,
				2B67B8171FA447030054CFDB /* Release */,
			);
			defaultConfigurationIsVisible = 0;
			defaultConfigurationName = Release;
		};
/* End XCConfigurationList section */
	};
	rootObject = 2B67B7DF1FA447030054CFDB /* Project object */;
}
